
Microsoft Visual Studio Solution File, Format Version 12.00
# Visual Studio 15
VisualStudioVersion = 15.0.28307.168
MinimumVisualStudioVersion = 10.0.40219.1
Project("{8BC9CEB8-8B4A-11D0-8D11-00A0C91BC942}") = "Maths", "Maths\Maths.vcxproj", "{6081E85C-B481-44EB-9E60-D235CADE4FB5}"
EndProject
Project("{8BC9CEB8-8B4A-11D0-8D11-00A0C91BC942}") = "Sandbox", "Sandbox\Sandbox.vcxproj", "{869E8194-F85E-46FA-857C-FD84EAC34286}"
EndProject
Global
	GlobalSection(SolutionConfigurationPlatforms) = preSolution
		Debug|x64 = Debug|x64
		Release|x64 = Release|x64
	EndGlobalSection
	GlobalSection(ProjectConfigurationPlatforms) = postSolution
		{6081E85C-B481-44EB-9E60-D235CADE4FB5}.Debug|x64.ActiveCfg = Debug|x64
		{6081E85C-B481-44EB-9E60-D235CADE4FB5}.Debug|x64.Build.0 = Debug|x64
		{6081E85C-B481-44EB-9E60-D235CADE4FB5}.Release|x64.ActiveCfg = Release|x64
		{6081E85C-B481-44EB-9E60-D235CADE4FB5}.Release|x64.Build.0 = Release|x64
		{869E8194-F85E-46FA-857C-FD84EAC34286}.Debug|x64.ActiveCfg = Debug|x64
		{869E8194-F85E-46FA-857C-FD84EAC34286}.Debug|x64.Build.0 = Debug|x64
		{869E8194-F85E-46FA-857C-FD84EAC34286}.Release|x64.ActiveCfg = Release|x64
		{869E8194-F85E-46FA-857C-FD84EAC34286}.Release|x64.Build.0 = Release|x64
	EndGlobalSection
	GlobalSection(SolutionProperties) = preSolution
		HideSolutionNode = FALSE
	EndGlobalSection
	GlobalSection(ExtensibilityGlobals) = postSolution
		SolutionGuid = {03075518-F222-4B5B-90C6-FC2A3607BCCB}
	EndGlobalSection
EndGlobal
